
Microsoft Visual Studio Solution File, Format Version 12.00
# Visual Studio Version 17
VisualStudioVersion = 17.9.34723.18
MinimumVisualStudioVersion = 10.0.40219.1
Project("{8BC9CEB8-8B4A-11D0-8D11-00A0C91BC942}") = "BOJ_31450", "BOJ_31450.vcxproj", "{8F5C3BAC-C153-4873-BBFC-A354390EC4BE}"
EndProject
Global
	GlobalSection(SolutionConfigurationPlatforms) = preSolution
		Debug|x64 = Debug|x64
		Release|x64 = Release|x64
	EndGlobalSection
	GlobalSection(ProjectConfigurationPlatforms) = postSolution
		{8F5C3BAC-C153-4873-BBFC-A354390EC4BE}.Debug|x64.ActiveCfg = Debug|x64
		{8F5C3BAC-C153-4873-BBFC-A354390EC4BE}.Debug|x64.Build.0 = Debug|x64
		{8F5C3BAC-C153-4873-BBFC-A354390EC4BE}.Release|x64.ActiveCfg = Release|x64
		{8F5C3BAC-C153-4873-BBFC-A354390EC4BE}.Release|x64.Build.0 = Release|x64
	EndGlobalSection
	GlobalSection(SolutionProperties) = preSolution
		HideSolutionNode = FALSE
	EndGlobalSection
	GlobalSection(ExtensibilityGlobals) = postSolution
		SolutionGuid = {E55A6D1D-55BC-4FA4-B55B-C8327ECF325B}
	EndGlobalSection
EndGlobal
